{
    "name": "Driver",
    "version": "0.0.1-a",
    "lockfileVersion": 1,
    "requires": true,
    "dependencies": {
        "postURL": {
            "version": "git://github.com/sanyabeast/postURL.git#0d1fb66d4b71cf2850499c2c736ede0472c2ecc0"
        },
        "requirejs": {
            "version": "2.3.5",
            "resolved": "https://registry.npmjs.org/requirejs/-/requirejs-2.3.5.tgz",
            "integrity": "sha512-svnO+aNcR/an9Dpi44C7KSAy5fFGLtmPbaaCeQaklUz8BQhS64tWWIIlvEA5jrWICzlO/X9KSzSeXFnZdBu8nw=="
        },
        "requirejs-text": {
            "version": "2.0.15",
            "resolved": "https://registry.npmjs.org/requirejs-text/-/requirejs-text-2.0.15.tgz",
            "integrity": "sha1-ExOHM2E/xEV7fhJH6Mt1HfeqVCk="
        }
    }
}
